
Microsoft Visual Studio Solution File, Format Version 12.00
# Visual Studio 15
VisualStudioVersion = 15.0.27004.2005
MinimumVisualStudioVersion = 10.0.40219.1
Project("{FAE04EC0-301F-11D3-BF4B-00C04F79EFBC}") = "Exercises2", "Exercises2\Exercises2.csproj", "{A9193D30-8075-4A29-8DFB-CE7C7E6B90BC}"
EndProject
Global
	GlobalSection(SolutionConfigurationPlatforms) = preSolution
		Debug|Any CPU = Debug|Any CPU
		Release|Any CPU = Release|Any CPU
	EndGlobalSection
	GlobalSection(ProjectConfigurationPlatforms) = postSolution
		{A9193D30-8075-4A29-8DFB-CE7C7E6B90BC}.Debug|Any CPU.ActiveCfg = Debug|Any CPU
		{A9193D30-8075-4A29-8DFB-CE7C7E6B90BC}.Debug|Any CPU.Build.0 = Debug|Any CPU
		{A9193D30-8075-4A29-8DFB-CE7C7E6B90BC}.Release|Any CPU.ActiveCfg = Release|Any CPU
		{A9193D30-8075-4A29-8DFB-CE7C7E6B90BC}.Release|Any CPU.Build.0 = Release|Any CPU
	EndGlobalSection
	GlobalSection(SolutionProperties) = preSolution
		HideSolutionNode = FALSE
	EndGlobalSection
	GlobalSection(ExtensibilityGlobals) = postSolution
		SolutionGuid = {99667AE7-17F2-4E18-8B96-C5647B339899}
	EndGlobalSection
EndGlobal
