
Microsoft Visual Studio Solution File, Format Version 12.00
# Visual Studio 15
VisualStudioVersion = 15.0.27004.2010
MinimumVisualStudioVersion = 10.0.40219.1
Project("{FAE04EC0-301F-11D3-BF4B-00C04F79EFBC}") = "WorkignwithDates", "WorkignwithDates\WorkignwithDates.csproj", "{4FA86E90-5630-4654-9721-6733FFA57880}"
EndProject
Global
	GlobalSection(SolutionConfigurationPlatforms) = preSolution
		Debug|Any CPU = Debug|Any CPU
		Release|Any CPU = Release|Any CPU
	EndGlobalSection
	GlobalSection(ProjectConfigurationPlatforms) = postSolution
		{4FA86E90-5630-4654-9721-6733FFA57880}.Debug|Any CPU.ActiveCfg = Debug|Any CPU
		{4FA86E90-5630-4654-9721-6733FFA57880}.Debug|Any CPU.Build.0 = Debug|Any CPU
		{4FA86E90-5630-4654-9721-6733FFA57880}.Release|Any CPU.ActiveCfg = Release|Any CPU
		{4FA86E90-5630-4654-9721-6733FFA57880}.Release|Any CPU.Build.0 = Release|Any CPU
	EndGlobalSection
	GlobalSection(SolutionProperties) = preSolution
		HideSolutionNode = FALSE
	EndGlobalSection
	GlobalSection(ExtensibilityGlobals) = postSolution
		SolutionGuid = {4AD6C3C2-FB9D-4D82-B636-1CFF0905A303}
	EndGlobalSection
EndGlobal
