
Microsoft Visual Studio Solution File, Format Version 12.00
# Visual Studio 15
VisualStudioVersion = 15.0.27004.2010
MinimumVisualStudioVersion = 10.0.40219.1
Project("{FAE04EC0-301F-11D3-BF4B-00C04F79EFBC}") = "StringBuilder", "StringBuilder\StringBuilder.csproj", "{64BC33D6-5615-47CA-B205-0AC812E423AB}"
EndProject
Global
	GlobalSection(SolutionConfigurationPlatforms) = preSolution
		Debug|Any CPU = Debug|Any CPU
		Release|Any CPU = Release|Any CPU
	EndGlobalSection
	GlobalSection(ProjectConfigurationPlatforms) = postSolution
		{64BC33D6-5615-47CA-B205-0AC812E423AB}.Debug|Any CPU.ActiveCfg = Debug|Any CPU
		{64BC33D6-5615-47CA-B205-0AC812E423AB}.Debug|Any CPU.Build.0 = Debug|Any CPU
		{64BC33D6-5615-47CA-B205-0AC812E423AB}.Release|Any CPU.ActiveCfg = Release|Any CPU
		{64BC33D6-5615-47CA-B205-0AC812E423AB}.Release|Any CPU.Build.0 = Release|Any CPU
	EndGlobalSection
	GlobalSection(SolutionProperties) = preSolution
		HideSolutionNode = FALSE
	EndGlobalSection
	GlobalSection(ExtensibilityGlobals) = postSolution
		SolutionGuid = {3B38F6C4-1DED-405A-911B-A31A23D2F2E7}
	EndGlobalSection
EndGlobal
