
Microsoft Visual Studio Solution File, Format Version 12.00
# Visual Studio 15
VisualStudioVersion = 15.0.27004.2005
MinimumVisualStudioVersion = 10.0.40219.1
Project("{FAE04EC0-301F-11D3-BF4B-00C04F79EFBC}") = "Exercise1UserEntersNumber", "Exercise1UserEntersNumber\Exercise1UserEntersNumber.csproj", "{CA955747-7495-43C5-8BA8-CE42701AC940}"
EndProject
Global
	GlobalSection(SolutionConfigurationPlatforms) = preSolution
		Debug|Any CPU = Debug|Any CPU
		Release|Any CPU = Release|Any CPU
	EndGlobalSection
	GlobalSection(ProjectConfigurationPlatforms) = postSolution
		{CA955747-7495-43C5-8BA8-CE42701AC940}.Debug|Any CPU.ActiveCfg = Debug|Any CPU
		{CA955747-7495-43C5-8BA8-CE42701AC940}.Debug|Any CPU.Build.0 = Debug|Any CPU
		{CA955747-7495-43C5-8BA8-CE42701AC940}.Release|Any CPU.ActiveCfg = Release|Any CPU
		{CA955747-7495-43C5-8BA8-CE42701AC940}.Release|Any CPU.Build.0 = Release|Any CPU
	EndGlobalSection
	GlobalSection(SolutionProperties) = preSolution
		HideSolutionNode = FALSE
	EndGlobalSection
	GlobalSection(ExtensibilityGlobals) = postSolution
		SolutionGuid = {BA4EA071-F52C-49D9-B2CE-B8F81F32F6F2}
	EndGlobalSection
EndGlobal
