
Microsoft Visual Studio Solution File, Format Version 12.00
# Visual Studio 15
VisualStudioVersion = 15.0.27004.2005
MinimumVisualStudioVersion = 10.0.40219.1
Project("{FAE04EC0-301F-11D3-BF4B-00C04F79EFBC}") = "TypeConversion", "TypeConversion\TypeConversion.csproj", "{B617D2E0-B208-4216-B229-D1AD98EC46E5}"
EndProject
Global
	GlobalSection(SolutionConfigurationPlatforms) = preSolution
		Debug|Any CPU = Debug|Any CPU
		Release|Any CPU = Release|Any CPU
	EndGlobalSection
	GlobalSection(ProjectConfigurationPlatforms) = postSolution
		{B617D2E0-B208-4216-B229-D1AD98EC46E5}.Debug|Any CPU.ActiveCfg = Debug|Any CPU
		{B617D2E0-B208-4216-B229-D1AD98EC46E5}.Debug|Any CPU.Build.0 = Debug|Any CPU
		{B617D2E0-B208-4216-B229-D1AD98EC46E5}.Release|Any CPU.ActiveCfg = Release|Any CPU
		{B617D2E0-B208-4216-B229-D1AD98EC46E5}.Release|Any CPU.Build.0 = Release|Any CPU
	EndGlobalSection
	GlobalSection(SolutionProperties) = preSolution
		HideSolutionNode = FALSE
	EndGlobalSection
	GlobalSection(ExtensibilityGlobals) = postSolution
		SolutionGuid = {00A5AC8A-1322-44FD-AA0A-5602825E30BF}
	EndGlobalSection
EndGlobal
