
Microsoft Visual Studio Solution File, Format Version 12.00
# Visual Studio 15
VisualStudioVersion = 15.0.27004.2010
MinimumVisualStudioVersion = 10.0.40219.1
Project("{FAE04EC0-301F-11D3-BF4B-00C04F79EFBC}") = "Exercise 2 ListsandArrays", "Exercise 2 ListsandArrays\Exercise 2 ListsandArrays.csproj", "{213BA429-D6D2-4695-8E76-B4423ED98BE9}"
EndProject
Global
	GlobalSection(SolutionConfigurationPlatforms) = preSolution
		Debug|Any CPU = Debug|Any CPU
		Release|Any CPU = Release|Any CPU
	EndGlobalSection
	GlobalSection(ProjectConfigurationPlatforms) = postSolution
		{213BA429-D6D2-4695-8E76-B4423ED98BE9}.Debug|Any CPU.ActiveCfg = Debug|Any CPU
		{213BA429-D6D2-4695-8E76-B4423ED98BE9}.Debug|Any CPU.Build.0 = Debug|Any CPU
		{213BA429-D6D2-4695-8E76-B4423ED98BE9}.Release|Any CPU.ActiveCfg = Release|Any CPU
		{213BA429-D6D2-4695-8E76-B4423ED98BE9}.Release|Any CPU.Build.0 = Release|Any CPU
	EndGlobalSection
	GlobalSection(SolutionProperties) = preSolution
		HideSolutionNode = FALSE
	EndGlobalSection
	GlobalSection(ExtensibilityGlobals) = postSolution
		SolutionGuid = {2783821E-FEC8-42A8-A1E9-04564E77234E}
	EndGlobalSection
EndGlobal
